
Microsoft Visual Studio Solution File, Format Version 12.00
# Visual Studio Version 17
VisualStudioVersion = 17.10.35013.160
MinimumVisualStudioVersion = 10.0.40219.1
Project("{FAE04EC0-301F-11D3-BF4B-00C04F79EFBC}") = "QAAutomationEngineerAssignment", "QAAutomationEngineerAssignment.csproj", "{A3841DB2-5F9B-49FF-A1F9-672F3031AE1C}"
EndProject
Global
	GlobalSection(SolutionConfigurationPlatforms) = preSolution
		Debug|Any CPU = Debug|Any CPU
		Release|Any CPU = Release|Any CPU
	EndGlobalSection
	GlobalSection(ProjectConfigurationPlatforms) = postSolution
		{A3841DB2-5F9B-49FF-A1F9-672F3031AE1C}.Debug|Any CPU.ActiveCfg = Debug|Any CPU
		{A3841DB2-5F9B-49FF-A1F9-672F3031AE1C}.Debug|Any CPU.Build.0 = Debug|Any CPU
		{A3841DB2-5F9B-49FF-A1F9-672F3031AE1C}.Release|Any CPU.ActiveCfg = Release|Any CPU
		{A3841DB2-5F9B-49FF-A1F9-672F3031AE1C}.Release|Any CPU.Build.0 = Release|Any CPU
	EndGlobalSection
	GlobalSection(SolutionProperties) = preSolution
		HideSolutionNode = FALSE
	EndGlobalSection
	GlobalSection(ExtensibilityGlobals) = postSolution
		SolutionGuid = {9D426946-F9C1-4C5A-A270-B338B8464236}
	EndGlobalSection
EndGlobal
